// !$*UTF8*$!
{
	archiveVersion = 1;
	classes = {
	};
	objectVersion = 56;
	objects = {

/* Begin PBXBuildFile section */
		B4A4A2BA29CB111A00CD7385 /* SoundItemView.swift in Sources */ = {isa = PBXBuildFile; fileRef = B4A4A2B929CB111A00CD7385 /* SoundItemView.swift */; };
		B4A4A2BD29CB44DD00CD7385 /* RecordPageView.swift in Sources */ = {isa = PBXBuildFile; fileRef = B4A4A2BC29CB44DD00CD7385 /* RecordPageView.swift */; };
		B4A5BA6929E5D8B000C7CE1E /* SoundModifierSliderView.swift in Sources */ = {isa = PBXBuildFile; fileRef = B4A5BA6829E5D8B000C7CE1E /* SoundModifierSliderView.swift */; };
		B4CB165529B8BCD80043C8E0 /* GoofBoxApp.swift in Sources */ = {isa = PBXBuildFile; fileRef = B4CB165429B8BCD80043C8E0 /* GoofBoxApp.swift */; };
		B4CB165729B8BCD80043C8E0 /* HomePageView.swift in Sources */ = {isa = PBXBuildFile; fileRef = B4CB165629B8BCD80043C8E0 /* HomePageView.swift */; };
		B4CB165929B8BCD90043C8E0 /* Assets.xcassets in Resources */ = {isa = PBXBuildFile; fileRef = B4CB165829B8BCD90043C8E0 /* Assets.xcassets */; };
		B4CB165C29B8BCD90043C8E0 /* Preview Assets.xcassets in Resources */ = {isa = PBXBuildFile; fileRef = B4CB165B29B8BCD90043C8E0 /* Preview Assets.xcassets */; };
/* End PBXBuildFile section */

/* Begin PBXFileReference section */
		B4A4A2B929CB111A00CD7385 /* SoundItemView.swift */ = {isa = PBXFileReference; lastKnownFileType = sourcecode.swift; path = SoundItemView.swift; sourceTree = "<group>"; };
		B4A4A2BC29CB44DD00CD7385 /* RecordPageView.swift */ = {isa = PBXFileReference; lastKnownFileType = sourcecode.swift; path = RecordPageView.swift; sourceTree = "<group>"; };
		B4A5BA6829E5D8B000C7CE1E /* SoundModifierSliderView.swift */ = {isa = PBXFileReference; lastKnownFileType = sourcecode.swift; path = SoundModifierSliderView.swift; sourceTree = "<group>"; };
		B4CB165129B8BCD80043C8E0 /* GoofBox.app */ = {isa = PBXFileReference; explicitFileType = wrapper.application; includeInIndex = 0; path = GoofBox.app; sourceTree = BUILT_PRODUCTS_DIR; };
		B4CB165429B8BCD80043C8E0 /* GoofBoxApp.swift */ = {isa = PBXFileReference; lastKnownFileType = sourcecode.swift; path = GoofBoxApp.swift; sourceTree = "<group>"; };
		B4CB165629B8BCD80043C8E0 /* HomePageView.swift */ = {isa = PBXFileReference; lastKnownFileType = sourcecode.swift; path = HomePageView.swift; sourceTree = "<group>"; usesTabs = 1; };
		B4CB165829B8BCD90043C8E0 /* Assets.xcassets */ = {isa = PBXFileReference; lastKnownFileType = folder.assetcatalog; path = Assets.xcassets; sourceTree = "<group>"; };
		B4CB165B29B8BCD90043C8E0 /* Preview Assets.xcassets */ = {isa = PBXFileReference; lastKnownFileType = folder.assetcatalog; path = "Preview Assets.xcassets"; sourceTree = "<group>"; };
/* End PBXFileReference section */

/* Begin PBXFrameworksBuildPhase section */
		B4CB164E29B8BCD80043C8E0 /* Frameworks */ = {
			isa = PBXFrameworksBuildPhase;
			buildActionMask = 2147483647;
			files = (
			);
			runOnlyForDeploymentPostprocessing = 0;
		};
/* End PBXFrameworksBuildPhase section */

/* Begin PBXGroup section */
		B4A4A2B729CAFD8C00CD7385 /* Views */ = {
			isa = PBXGroup;
			children = (
				B4A4A2BB29CB412C00CD7385 /* Record */,
				B4A4A2B829CB107F00CD7385 /* Home */,
			);
			path = Views;
			sourceTree = "<group>";
		};
		B4A4A2B829CB107F00CD7385 /* Home */ = {
			isa = PBXGroup;
			children = (
				B4CB165629B8BCD80043C8E0 /* HomePageView.swift */,
				B4A4A2B929CB111A00CD7385 /* SoundItemView.swift */,
			);
			path = Home;
			sourceTree = "<group>";
		};
		B4A4A2BB29CB412C00CD7385 /* Record */ = {
			isa = PBXGroup;
			children = (
				B4A4A2BC29CB44DD00CD7385 /* RecordPageView.swift */,
				B4A5BA6829E5D8B000C7CE1E /* SoundModifierSliderView.swift */,
			);
			path = Record;
			sourceTree = "<group>";
		};
		B4CB164829B8BCD80043C8E0 = {
			isa = PBXGroup;
			children = (
				B4CB165329B8BCD80043C8E0 /* GoofBox */,
				B4CB165229B8BCD80043C8E0 /* Products */,
			);
			sourceTree = "<group>";
			usesTabs = 1;
		};
		B4CB165229B8BCD80043C8E0 /* Products */ = {
			isa = PBXGroup;
			children = (
				B4CB165129B8BCD80043C8E0 /* GoofBox.app */,
			);
			name = Products;
			sourceTree = "<group>";
		};
		B4CB165329B8BCD80043C8E0 /* GoofBox */ = {
			isa = PBXGroup;
			children = (
				B4CB165429B8BCD80043C8E0 /* GoofBoxApp.swift */,
				B4A4A2B729CAFD8C00CD7385 /* Views */,
				B4CB165829B8BCD90043C8E0 /* Assets.xcassets */,
				B4CB165A29B8BCD90043C8E0 /* Preview Content */,
			);
			path = GoofBox;
			sourceTree = "<group>";
		};
		B4CB165A29B8BCD90043C8E0 /* Preview Content */ = {
			isa = PBXGroup;
			children = (
				B4CB165B29B8BCD90043C8E0 /* Preview Assets.xcassets */,
			);
			path = "Preview Content";
			sourceTree = "<group>";
		};
/* End PBXGroup section */

/* Begin PBXNativeTarget section */
		B4CB165029B8BCD80043C8E0 /* GoofBox */ = {
			isa = PBXNativeTarget;
			buildConfigurationList = B4CB165F29B8BCD90043C8E0 /* Build configuration list for PBXNativeTarget "GoofBox" */;
			buildPhases = (
				B4CB164D29B8BCD80043C8E0 /* Sources */,
				B4CB164E29B8BCD80043C8E0 /* Frameworks */,
				B4CB164F29B8BCD80043C8E0 /* Resources */,
			);
			buildRules = (
			);
			dependencies = (
			);
			name = GoofBox;
			productName = GoofBox;
			productReference = B4CB165129B8BCD80043C8E0 /* GoofBox.app */;
			productType = "com.apple.product-type.application";
		};
/* End PBXNativeTarget section */

/* Begin PBXProject section */
		B4CB164929B8BCD80043C8E0 /* Project object */ = {
			isa = PBXProject;
			attributes = {
				BuildIndependentTargetsInParallel = 1;
				LastSwiftUpdateCheck = 1420;
				LastUpgradeCheck = 1420;
				TargetAttributes = {
					B4CB165029B8BCD80043C8E0 = {
						CreatedOnToolsVersion = 14.2;
					};
				};
			};
			buildConfigurationList = B4CB164C29B8BCD80043C8E0 /* Build configuration list for PBXProject "GoofBox" */;
			compatibilityVersion = "Xcode 14.0";
			developmentRegion = en;
			hasScannedForEncodings = 0;
			knownRegions = (
				en,
				Base,
			);
			mainGroup = B4CB164829B8BCD80043C8E0;
			productRefGroup = B4CB165229B8BCD80043C8E0 /* Products */;
			projectDirPath = "";
			projectRoot = "";
			targets = (
				B4CB165029B8BCD80043C8E0 /* GoofBox */,
			);
		};
/* End PBXProject section */

/* Begin PBXResourcesBuildPhase section */
		B4CB164F29B8BCD80043C8E0 /* Resources */ = {
			isa = PBXResourcesBuildPhase;
			buildActionMask = 2147483647;
			files = (
				B4CB165C29B8BCD90043C8E0 /* Preview Assets.xcassets in Resources */,
				B4CB165929B8BCD90043C8E0 /* Assets.xcassets in Resources */,
			);
			runOnlyForDeploymentPostprocessing = 0;
		};
/* End PBXResourcesBuildPhase section */

/* Begin PBXSourcesBuildPhase section */
		B4CB164D29B8BCD80043C8E0 /* Sources */ = {
			isa = PBXSourcesBuildPhase;
			buildActionMask = 2147483647;
			files = (
				B4CB165729B8BCD80043C8E0 /* HomePageView.swift in Sources */,
				B4A4A2BA29CB111A00CD7385 /* SoundItemView.swift in Sources */,
				B4A4A2BD29CB44DD00CD7385 /* RecordPageView.swift in Sources */,
				B4A5BA6929E5D8B000C7CE1E /* SoundModifierSliderView.swift in Sources */,
				B4CB165529B8BCD80043C8E0 /* GoofBoxApp.swift in Sources */,
			);
			runOnlyForDeploymentPostprocessing = 0;
		};
/* End PBXSourcesBuildPhase section */

/* Begin XCBuildConfiguration section */
		B4CB165D29B8BCD90043C8E0 /* Debug */ = {
			isa = XCBuildConfiguration;
			buildSettings = {
				ALWAYS_SEARCH_USER_PATHS = NO;
				CLANG_ANALYZER_NONNULL = YES;
				CLANG_ANALYZER_NUMBER_OBJECT_CONVERSION = YES_AGGRESSIVE;
				CLANG_CXX_LANGUAGE_STANDARD = "gnu++20";
				CLANG_ENABLE_MODULES = YES;
				CLANG_ENABLE_OBJC_ARC = YES;
				CLANG_ENABLE_OBJC_WEAK = YES;
				CLANG_WARN_BLOCK_CAPTURE_AUTORELEASING = YES;
				CLANG_WARN_BOOL_CONVERSION = YES;
				CLANG_WARN_COMMA = YES;
				CLANG_WARN_CONSTANT_CONVERSION = YES;
				CLANG_WARN_DEPRECATED_OBJC_IMPLEMENTATIONS = YES;
				CLANG_WARN_DIRECT_OBJC_ISA_USAGE = YES_ERROR;
				CLANG_WARN_DOCUMENTATION_COMMENTS = YES;
				CLANG_WARN_EMPTY_BODY = YES;
				CLANG_WARN_ENUM_CONVERSION = YES;
				CLANG_WARN_INFINITE_RECURSION = YES;
				CLANG_WARN_INT_CONVERSION = YES;
				CLANG_WARN_NON_LITERAL_NULL_CONVERSION = YES;
				CLANG_WARN_OBJC_IMPLICIT_RETAIN_SELF = YES;
				CLANG_WARN_OBJC_LITERAL_CONVERSION = YES;
				CLANG_WARN_OBJC_ROOT_CLASS = YES_ERROR;
				CLANG_WARN_QUOTED_INCLUDE_IN_FRAMEWORK_HEADER = YES;
				CLANG_WARN_RANGE_LOOP_ANALYSIS = YES;
				CLANG_WARN_STRICT_PROTOTYPES = YES;
				CLANG_WARN_SUSPICIOUS_MOVE = YES;
				CLANG_WARN_UNGUARDED_AVAILABILITY = YES_AGGRESSIVE;
				CLANG_WARN_UNREACHABLE_CODE = YES;
				CLANG_WARN__DUPLICATE_METHOD_MATCH = YES;
				COPY_PHASE_STRIP = NO;
				DEBUG_INFORMATION_FORMAT = dwarf;
				ENABLE_STRICT_OBJC_MSGSEND = YES;
				ENABLE_TESTABILITY = YES;
				GCC_C_LANGUAGE_STANDARD = gnu11;
				GCC_DYNAMIC_NO_PIC = NO;
				GCC_NO_COMMON_BLOCKS = YES;
				GCC_OPTIMIZATION_LEVEL = 0;
				GCC_PREPROCESSOR_DEFINITIONS = (
					"DEBUG=1",
					"$(inherited)",
				);
				GCC_WARN_64_TO_32_BIT_CONVERSION = YES;
				GCC_WARN_ABOUT_RETURN_TYPE = YES_ERROR;
				GCC_WARN_UNDECLARED_SELECTOR = YES;
				GCC_WARN_UNINITIALIZED_AUTOS = YES_AGGRESSIVE;
				GCC_WARN_UNUSED_FUNCTION = YES;
				GCC_WARN_UNUSED_VARIABLE = YES;
				IPHONEOS_DEPLOYMENT_TARGET = 16.2;
				MTL_ENABLE_DEBUG_INFO = INCLUDE_SOURCE;
				MTL_FAST_MATH = YES;
				ONLY_ACTIVE_ARCH = YES;
				SDKROOT = iphoneos;
				SWIFT_ACTIVE_COMPILATION_CONDITIONS = DEBUG;
				SWIFT_OPTIMIZATION_LEVEL = "-Onone";
			};
			name = Debug;
		};
		B4CB165E29B8BCD90043C8E0 /* Release */ = {
			isa = XCBuildConfiguration;
			buildSettings = {
				ALWAYS_SEARCH_USER_PATHS = NO;
				CLANG_ANALYZER_NONNULL = YES;
				CLANG_ANALYZER_NUMBER_OBJECT_CONVERSION = YES_AGGRESSIVE;
				CLANG_CXX_LANGUAGE_STANDARD = "gnu++20";
				CLANG_ENABLE_MODULES = YES;
				CLANG_ENABLE_OBJC_ARC = YES;
				CLANG_ENABLE_OBJC_WEAK = YES;
				CLANG_WARN_BLOCK_CAPTURE_AUTORELEASING = YES;
				CLANG_WARN_BOOL_CONVERSION = YES;
				CLANG_WARN_COMMA = YES;
				CLANG_WARN_CONSTANT_CONVERSION = YES;
				CLANG_WARN_DEPRECATED_OBJC_IMPLEMENTATIONS = YES;
				CLANG_WARN_DIRECT_OBJC_ISA_USAGE = YES_ERROR;
				CLANG_WARN_DOCUMENTATION_COMMENTS = YES;
				CLANG_WARN_EMPTY_BODY = YES;
				CLANG_WARN_ENUM_CONVERSION = YES;
				CLANG_WARN_INFINITE_RECURSION = YES;
				CLANG_WARN_INT_CONVERSION = YES;
				CLANG_WARN_NON_LITERAL_NULL_CONVERSION = YES;
				CLANG_WARN_OBJC_IMPLICIT_RETAIN_SELF = YES;
				CLANG_WARN_OBJC_LITERAL_CONVERSION = YES;
				CLANG_WARN_OBJC_ROOT_CLASS = YES_ERROR;
				CLANG_WARN_QUOTED_INCLUDE_IN_FRAMEWORK_HEADER = YES;
				CLANG_WARN_RANGE_LOOP_ANALYSIS = YES;
				CLANG_WARN_STRICT_PROTOTYPES = YES;
				CLANG_WARN_SUSPICIOUS_MOVE = YES;
				CLANG_WARN_UNGUARDED_AVAILABILITY = YES_AGGRESSIVE;
				CLANG_WARN_UNREACHABLE_CODE = YES;
				CLANG_WARN__DUPLICATE_METHOD_MATCH = YES;
				COPY_PHASE_STRIP = NO;
				DEBUG_INFORMATION_FORMAT = "dwarf-with-dsym";
				ENABLE_NS_ASSERTIONS = NO;
				ENABLE_STRICT_OBJC_MSGSEND = YES;
				GCC_C_LANGUAGE_STANDARD = gnu11;
				GCC_NO_COMMON_BLOCKS = YES;
				GCC_WARN_64_TO_32_BIT_CONVERSION = YES;
				GCC_WARN_ABOUT_RETURN_TYPE = YES_ERROR;
				GCC_WARN_UNDECLARED_SELECTOR = YES;
				GCC_WARN_UNINITIALIZED_AUTOS = YES_AGGRESSIVE;
				GCC_WARN_UNUSED_FUNCTION = YES;
				GCC_WARN_UNUSED_VARIABLE = YES;
				IPHONEOS_DEPLOYMENT_TARGET = 16.2;
				MTL_ENABLE_DEBUG_INFO = NO;
				MTL_FAST_MATH = YES;
				SDKROOT = iphoneos;
				SWIFT_COMPILATION_MODE = wholemodule;
				SWIFT_OPTIMIZATION_LEVEL = "-O";
				VALIDATE_PRODUCT = YES;
			};
			name = Release;
		};
		B4CB166029B8BCD90043C8E0 /* Debug */ = {
			isa = XCBuildConfiguration;
			buildSettings = {
				ASSETCATALOG_COMPILER_APPICON_NAME = AppIcon;
				ASSETCATALOG_COMPILER_GLOBAL_ACCENT_COLOR_NAME = AccentColor;
				CODE_SIGN_STYLE = Automatic;
				CURRENT_PROJECT_VERSION = 1;
				DEVELOPMENT_ASSET_PATHS = "\"GoofBox/Preview Content\"";
				DEVELOPMENT_TEAM = 28L73Q3ZF5;
				ENABLE_PREVIEWS = YES;
				GENERATE_INFOPLIST_FILE = YES;
				INFOPLIST_KEY_UIApplicationSceneManifest_Generation = YES;
				INFOPLIST_KEY_UIApplicationSupportsIndirectInputEvents = YES;
				INFOPLIST_KEY_UILaunchScreen_Generation = YES;
				INFOPLIST_KEY_UISupportedInterfaceOrientations_iPad = "UIInterfaceOrientationPortrait UIInterfaceOrientationPortraitUpsideDown UIInterfaceOrientationLandscapeLeft UIInterfaceOrientationLandscapeRight";
				INFOPLIST_KEY_UISupportedInterfaceOrientations_iPhone = "UIInterfaceOrientationPortrait UIInterfaceOrientationLandscapeLeft UIInterfaceOrientationLandscapeRight";
				LD_RUNPATH_SEARCH_PATHS = (
					"$(inherited)",
					"@executable_path/Frameworks",
				);
				MARKETING_VERSION = 1.0;
				PRODUCT_BUNDLE_IDENTIFIER = com.pverrier.GoofBox;
				PRODUCT_NAME = "$(TARGET_NAME)";
				SWIFT_EMIT_LOC_STRINGS = YES;
				SWIFT_VERSION = 5.0;
				TARGETED_DEVICE_FAMILY = "1,2";
			};
			name = Debug;
		};
		B4CB166129B8BCD90043C8E0 /* Release */ = {
			isa = XCBuildConfiguration;
			buildSettings = {
				ASSETCATALOG_COMPILER_APPICON_NAME = AppIcon;
				ASSETCATALOG_COMPILER_GLOBAL_ACCENT_COLOR_NAME = AccentColor;
				CODE_SIGN_STYLE = Automatic;
				CURRENT_PROJECT_VERSION = 1;
				DEVELOPMENT_ASSET_PATHS = "\"GoofBox/Preview Content\"";
				DEVELOPMENT_TEAM = 28L73Q3ZF5;
				ENABLE_PREVIEWS = YES;
				GENERATE_INFOPLIST_FILE = YES;
				INFOPLIST_KEY_UIApplicationSceneManifest_Generation = YES;
				INFOPLIST_KEY_UIApplicationSupportsIndirectInputEvents = YES;
				INFOPLIST_KEY_UILaunchScreen_Generation = YES;
				INFOPLIST_KEY_UISupportedInterfaceOrientations_iPad = "UIInterfaceOrientationPortrait UIInterfaceOrientationPortraitUpsideDown UIInterfaceOrientationLandscapeLeft UIInterfaceOrientationLandscapeRight";
				INFOPLIST_KEY_UISupportedInterfaceOrientations_iPhone = "UIInterfaceOrientationPortrait UIInterfaceOrientationLandscapeLeft UIInterfaceOrientationLandscapeRight";
				LD_RUNPATH_SEARCH_PATHS = (
					"$(inherited)",
					"@executable_path/Frameworks",
				);
				MARKETING_VERSION = 1.0;
				PRODUCT_BUNDLE_IDENTIFIER = com.pverrier.GoofBox;
				PRODUCT_NAME = "$(TARGET_NAME)";
				SWIFT_EMIT_LOC_STRINGS = YES;
				SWIFT_VERSION = 5.0;
				TARGETED_DEVICE_FAMILY = "1,2";
			};
			name = Release;
		};
/* End XCBuildConfiguration section */

/* Begin XCConfigurationList section */
		B4CB164C29B8BCD80043C8E0 /* Build configuration list for PBXProject "GoofBox" */ = {
			isa = XCConfigurationList;
			buildConfigurations = (
				B4CB165D29B8BCD90043C8E0 /* Debug */,
				B4CB165E29B8BCD90043C8E0 /* Release */,
			);
			defaultConfigurationIsVisible = 0;
			defaultConfigurationName = Release;
		};
		B4CB165F29B8BCD90043C8E0 /* Build configuration list for PBXNativeTarget "GoofBox" */ = {
			isa = XCConfigurationList;
			buildConfigurations = (
				B4CB166029B8BCD90043C8E0 /* Debug */,
				B4CB166129B8BCD90043C8E0 /* Release */,
			);
			defaultConfigurationIsVisible = 0;
			defaultConfigurationName = Release;
		};
/* End XCConfigurationList section */
	};
	rootObject = B4CB164929B8BCD80043C8E0 /* Project object */;
}
